// !$*UTF8*$!
{
	archiveVersion = 1;
	classes = {
	};
	objectVersion = 46;
	objects = {

/* Begin PBXBuildFile section */
		FCFE04DA1E6B28CC003B9343 /* AppDelegate.swift in Sources */ = {isa = PBXBuildFile; fileRef = FCFE04D91E6B28CC003B9343 /* AppDelegate.swift */; };
		FCFE04DC1E6B28CC003B9343 /* ViewController.swift in Sources */ = {isa = PBXBuildFile; fileRef = FCFE04DB1E6B28CC003B9343 /* ViewController.swift */; };
		FCFE04DF1E6B28CC003B9343 /* Main.storyboard in Resources */ = {isa = PBXBuildFile; fileRef = FCFE04DD1E6B28CC003B9343 /* Main.storyboard */; };
		FCFE04E41E6B28CC003B9343 /* LaunchScreen.storyboard in Resources */ = {isa = PBXBuildFile; fileRef = FCFE04E21E6B28CC003B9343 /* LaunchScreen.storyboard */; };
		FCFE04EC1E6B2ADA003B9343 /* CircleView.swift in Sources */ = {isa = PBXBuildFile; fileRef = FCFE04EB1E6B2ADA003B9343 /* CircleView.swift */; };
		FCFE04EE1E6BDC7E003B9343 /* Assets.xcassets in Resources */ = {isa = PBXBuildFile; fileRef = FCFE04ED1E6BDC7E003B9343 /* Assets.xcassets */; };
/* End PBXBuildFile section */

/* Begin PBXFileReference section */
		FCFE04D61E6B28CC003B9343 /* ZoomInMenu.app */ = {isa = PBXFileReference; explicitFileType = wrapper.application; includeInIndex = 0; path = ZoomInMenu.app; sourceTree = BUILT_PRODUCTS_DIR; };
		FCFE04D91E6B28CC003B9343 /* AppDelegate.swift */ = {isa = PBXFileReference; lastKnownFileType = sourcecode.swift; path = AppDelegate.swift; sourceTree = "<group>"; };
		FCFE04DB1E6B28CC003B9343 /* ViewController.swift */ = {isa = PBXFileReference; lastKnownFileType = sourcecode.swift; path = ViewController.swift; sourceTree = "<group>"; };
		FCFE04DE1E6B28CC003B9343 /* Base */ = {isa = PBXFileReference; lastKnownFileType = file.storyboard; name = Base; path = Base.lproj/Main.storyboard; sourceTree = "<group>"; };
		FCFE04E31E6B28CC003B9343 /* Base */ = {isa = PBXFileReference; lastKnownFileType = file.storyboard; name = Base; path = Base.lproj/LaunchScreen.storyboard; sourceTree = "<group>"; };
		FCFE04E51E6B28CC003B9343 /* Info.plist */ = {isa = PBXFileReference; lastKnownFileType = text.plist.xml; path = Info.plist; sourceTree = "<group>"; };
		FCFE04EB1E6B2ADA003B9343 /* CircleView.swift */ = {isa = PBXFileReference; fileEncoding = 4; lastKnownFileType = sourcecode.swift; path = CircleView.swift; sourceTree = "<group>"; };
		FCFE04ED1E6BDC7E003B9343 /* Assets.xcassets */ = {isa = PBXFileReference; lastKnownFileType = folder.assetcatalog; path = Assets.xcassets; sourceTree = "<group>"; };
/* End PBXFileReference section */

/* Begin PBXFrameworksBuildPhase section */
		FCFE04D31E6B28CC003B9343 /* Frameworks */ = {
			isa = PBXFrameworksBuildPhase;
			buildActionMask = 2147483647;
			files = (
			);
			runOnlyForDeploymentPostprocessing = 0;
		};
/* End PBXFrameworksBuildPhase section */

/* Begin PBXGroup section */
		FCFE04CD1E6B28CC003B9343 = {
			isa = PBXGroup;
			children = (
				FCFE04D81E6B28CC003B9343 /* ZoomInMenu */,
				FCFE04D71E6B28CC003B9343 /* Products */,
			);
			sourceTree = "<group>";
		};
		FCFE04D71E6B28CC003B9343 /* Products */ = {
			isa = PBXGroup;
			children = (
				FCFE04D61E6B28CC003B9343 /* ZoomInMenu.app */,
			);
			name = Products;
			sourceTree = "<group>";
		};
		FCFE04D81E6B28CC003B9343 /* ZoomInMenu */ = {
			isa = PBXGroup;
			children = (
				FCFE04D91E6B28CC003B9343 /* AppDelegate.swift */,
				FCFE04DB1E6B28CC003B9343 /* ViewController.swift */,
				FCFE04DD1E6B28CC003B9343 /* Main.storyboard */,
				FCFE04E21E6B28CC003B9343 /* LaunchScreen.storyboard */,
				FCFE04E51E6B28CC003B9343 /* Info.plist */,
				FCFE04EB1E6B2ADA003B9343 /* CircleView.swift */,
				FCFE04ED1E6BDC7E003B9343 /* Assets.xcassets */,
			);
			path = ZoomInMenu;
			sourceTree = "<group>";
		};
/* End PBXGroup section */

/* Begin PBXNativeTarget section */
		FCFE04D51E6B28CC003B9343 /* ZoomInMenu */ = {
			isa = PBXNativeTarget;
			buildConfigurationList = FCFE04E81E6B28CC003B9343 /* Build configuration list for PBXNativeTarget "ZoomInMenu" */;
			buildPhases = (
				FCFE04D21E6B28CC003B9343 /* Sources */,
				FCFE04D31E6B28CC003B9343 /* Frameworks */,
				FCFE04D41E6B28CC003B9343 /* Resources */,
			);
			buildRules = (
			);
			dependencies = (
			);
			name = ZoomInMenu;
			productName = ZoomInMenu;
			productReference = FCFE04D61E6B28CC003B9343 /* ZoomInMenu.app */;
			productType = "com.apple.product-type.application";
		};
/* End PBXNativeTarget section */

/* Begin PBXProject section */
		FCFE04CE1E6B28CC003B9343 /* Project object */ = {
			isa = PBXProject;
			attributes = {
				LastSwiftUpdateCheck = 0810;
				LastUpgradeCheck = 0810;
				ORGANIZATIONNAME = "vikram singh rajpoot";
				TargetAttributes = {
					FCFE04D51E6B28CC003B9343 = {
						CreatedOnToolsVersion = 8.1;
						ProvisioningStyle = Automatic;
					};
				};
			};
			buildConfigurationList = FCFE04D11E6B28CC003B9343 /* Build configuration list for PBXProject "ZoomInMenu" */;
			compatibilityVersion = "Xcode 3.2";
			developmentRegion = English;
			hasScannedForEncodings = 0;
			knownRegions = (
				en,
				Base,
			);
			mainGroup = FCFE04CD1E6B28CC003B9343;
			productRefGroup = FCFE04D71E6B28CC003B9343 /* Products */;
			projectDirPath = "";
			projectRoot = "";
			targets = (
				FCFE04D51E6B28CC003B9343 /* ZoomInMenu */,
			);
		};
/* End PBXProject section */

/* Begin PBXResourcesBuildPhase section */
		FCFE04D41E6B28CC003B9343 /* Resources */ = {
			isa = PBXResourcesBuildPhase;
			buildActionMask = 2147483647;
			files = (
				FCFE04E41E6B28CC003B9343 /* LaunchScreen.storyboard in Resources */,
				FCFE04EE1E6BDC7E003B9343 /* Assets.xcassets in Resources */,
				FCFE04DF1E6B28CC003B9343 /* Main.storyboard in Resources */,
			);
			runOnlyForDeploymentPostprocessing = 0;
		};
/* End PBXResourcesBuildPhase section */

/* Begin PBXSourcesBuildPhase section */
		FCFE04D21E6B28CC003B9343 /* Sources */ = {
			isa = PBXSourcesBuildPhase;
			buildActionMask = 2147483647;
			files = (
				FCFE04EC1E6B2ADA003B9343 /* CircleView.swift in Sources */,
				FCFE04DC1E6B28CC003B9343 /* ViewController.swift in Sources */,
				FCFE04DA1E6B28CC003B9343 /* AppDelegate.swift in Sources */,
			);
			runOnlyForDeploymentPostprocessing = 0;
		};
/* End PBXSourcesBuildPhase section */

/* Begin PBXVariantGroup section */
		FCFE04DD1E6B28CC003B9343 /* Main.storyboard */ = {
			isa = PBXVariantGroup;
			children = (
				FCFE04DE1E6B28CC003B9343 /* Base */,
			);
			name = Main.storyboard;
			sourceTree = "<group>";
		};
		FCFE04E21E6B28CC003B9343 /* LaunchScreen.storyboard */ = {
			isa = PBXVariantGroup;
			children = (
				FCFE04E31E6B28CC003B9343 /* Base */,
			);
			name = LaunchScreen.storyboard;
			sourceTree = "<group>";
		};
/* End PBXVariantGroup section */

/* Begin XCBuildConfiguration section */
		FCFE04E61E6B28CC003B9343 /* Debug */ = {
			isa = XCBuildConfiguration;
			buildSettings = {
				ALWAYS_SEARCH_USER_PATHS = NO;
				CLANG_ANALYZER_NONNULL = YES;
				CLANG_CXX_LANGUAGE_STANDARD = "gnu++0x";
				CLANG_CXX_LIBRARY = "libc++";
				CLANG_ENABLE_MODULES = YES;
				CLANG_ENABLE_OBJC_ARC = YES;
				CLANG_WARN_BOOL_CONVERSION = YES;
				CLANG_WARN_CONSTANT_CONVERSION = YES;
				CLANG_WARN_DIRECT_OBJC_ISA_USAGE = YES_ERROR;
				CLANG_WARN_DOCUMENTATION_COMMENTS = YES;
				CLANG_WARN_EMPTY_BODY = YES;
				CLANG_WARN_ENUM_CONVERSION = YES;
				CLANG_WARN_INFINITE_RECURSION = YES;
				CLANG_WARN_INT_CONVERSION = YES;
				CLANG_WARN_OBJC_ROOT_CLASS = YES_ERROR;
				CLANG_WARN_SUSPICIOUS_MOVES = YES;
				CLANG_WARN_UNREACHABLE_CODE = YES;
				CLANG_WARN__DUPLICATE_METHOD_MATCH = YES;
				"CODE_SIGN_IDENTITY[sdk=iphoneos*]" = "iPhone Developer";
				COPY_PHASE_STRIP = NO;
				DEBUG_INFORMATION_FORMAT = dwarf;
				ENABLE_STRICT_OBJC_MSGSEND = YES;
				ENABLE_TESTABILITY = YES;
				GCC_C_LANGUAGE_STANDARD = gnu99;
				GCC_DYNAMIC_NO_PIC = NO;
				GCC_NO_COMMON_BLOCKS = YES;
				GCC_OPTIMIZATION_LEVEL = 0;
				GCC_PREPROCESSOR_DEFINITIONS = (
					"DEBUG=1",
					"$(inherited)",
				);
				GCC_WARN_64_TO_32_BIT_CONVERSION = YES;
				GCC_WARN_ABOUT_RETURN_TYPE = YES_ERROR;
				GCC_WARN_UNDECLARED_SELECTOR = YES;
				GCC_WARN_UNINITIALIZED_AUTOS = YES_AGGRESSIVE;
				GCC_WARN_UNUSED_FUNCTION = YES;
				GCC_WARN_UNUSED_VARIABLE = YES;
				IPHONEOS_DEPLOYMENT_TARGET = 10.1;
				MTL_ENABLE_DEBUG_INFO = YES;
				ONLY_ACTIVE_ARCH = YES;
				SDKROOT = iphoneos;
				SWIFT_ACTIVE_COMPILATION_CONDITIONS = DEBUG;
				SWIFT_OPTIMIZATION_LEVEL = "-Onone";
			};
			name = Debug;
		};
		FCFE04E71E6B28CC003B9343 /* Release */ = {
			isa = XCBuildConfiguration;
			buildSettings = {
				ALWAYS_SEARCH_USER_PATHS = NO;
				CLANG_ANALYZER_NONNULL = YES;
				CLANG_CXX_LANGUAGE_STANDARD = "gnu++0x";
				CLANG_CXX_LIBRARY = "libc++";
				CLANG_ENABLE_MODULES = YES;
				CLANG_ENABLE_OBJC_ARC = YES;
				CLANG_WARN_BOOL_CONVERSION = YES;
				CLANG_WARN_CONSTANT_CONVERSION = YES;
				CLANG_WARN_DIRECT_OBJC_ISA_USAGE = YES_ERROR;
				CLANG_WARN_DOCUMENTATION_COMMENTS = YES;
				CLANG_WARN_EMPTY_BODY = YES;
				CLANG_WARN_ENUM_CONVERSION = YES;
				CLANG_WARN_INFINITE_RECURSION = YES;
				CLANG_WARN_INT_CONVERSION = YES;
				CLANG_WARN_OBJC_ROOT_CLASS = YES_ERROR;
				CLANG_WARN_SUSPICIOUS_MOVES = YES;
				CLANG_WARN_UNREACHABLE_CODE = YES;
				CLANG_WARN__DUPLICATE_METHOD_MATCH = YES;
				"CODE_SIGN_IDENTITY[sdk=iphoneos*]" = "iPhone Developer";
				COPY_PHASE_STRIP = NO;
				DEBUG_INFORMATION_FORMAT = "dwarf-with-dsym";
				ENABLE_NS_ASSERTIONS = NO;
				ENABLE_STRICT_OBJC_MSGSEND = YES;
				GCC_C_LANGUAGE_STANDARD = gnu99;
				GCC_NO_COMMON_BLOCKS = YES;
				GCC_WARN_64_TO_32_BIT_CONVERSION = YES;
				GCC_WARN_ABOUT_RETURN_TYPE = YES_ERROR;
				GCC_WARN_UNDECLARED_SELECTOR = YES;
				GCC_WARN_UNINITIALIZED_AUTOS = YES_AGGRESSIVE;
				GCC_WARN_UNUSED_FUNCTION = YES;
				GCC_WARN_UNUSED_VARIABLE = YES;
				IPHONEOS_DEPLOYMENT_TARGET = 10.1;
				MTL_ENABLE_DEBUG_INFO = NO;
				SDKROOT = iphoneos;
				SWIFT_OPTIMIZATION_LEVEL = "-Owholemodule";
				VALIDATE_PRODUCT = YES;
			};
			name = Release;
		};
		FCFE04E91E6B28CC003B9343 /* Debug */ = {
			isa = XCBuildConfiguration;
			buildSettings = {
				ASSETCATALOG_COMPILER_APPICON_NAME = AppIcon;
				INFOPLIST_FILE = ZoomInMenu/Info.plist;
				LD_RUNPATH_SEARCH_PATHS = "$(inherited) @executable_path/Frameworks";
				PRODUCT_BUNDLE_IDENTIFIER = vikram.ZoomInMenu;
				PRODUCT_NAME = "$(TARGET_NAME)";
				SWIFT_VERSION = 3.0;
			};
			name = Debug;
		};
		FCFE04EA1E6B28CC003B9343 /* Release */ = {
			isa = XCBuildConfiguration;
			buildSettings = {
				ASSETCATALOG_COMPILER_APPICON_NAME = AppIcon;
				INFOPLIST_FILE = ZoomInMenu/Info.plist;
				LD_RUNPATH_SEARCH_PATHS = "$(inherited) @executable_path/Frameworks";
				PRODUCT_BUNDLE_IDENTIFIER = vikram.ZoomInMenu;
				PRODUCT_NAME = "$(TARGET_NAME)";
				SWIFT_VERSION = 3.0;
			};
			name = Release;
		};
/* End XCBuildConfiguration section */

/* Begin XCConfigurationList section */
		FCFE04D11E6B28CC003B9343 /* Build configuration list for PBXProject "ZoomInMenu" */ = {
			isa = XCConfigurationList;
			buildConfigurations = (
				FCFE04E61E6B28CC003B9343 /* Debug */,
				FCFE04E71E6B28CC003B9343 /* Release */,
			);
			defaultConfigurationIsVisible = 0;
			defaultConfigurationName = Release;
		};
		FCFE04E81E6B28CC003B9343 /* Build configuration list for PBXNativeTarget "ZoomInMenu" */ = {
			isa = XCConfigurationList;
			buildConfigurations = (
				FCFE04E91E6B28CC003B9343 /* Debug */,
				FCFE04EA1E6B28CC003B9343 /* Release */,
			);
			defaultConfigurationIsVisible = 0;
			defaultConfigurationName = Release;
		};
/* End XCConfigurationList section */
	};
	rootObject = FCFE04CE1E6B28CC003B9343 /* Project object */;
}
